
Microsoft Visual Studio Solution File, Format Version 12.00
# Visual Studio 15
VisualStudioVersion = 15.0.27130.2024
MinimumVisualStudioVersion = 10.0.40219.1
Project("{FAE04EC0-301F-11D3-BF4B-00C04F79EFBC}") = "WoWNameChanger", "WoWNameChanger\WoWNameChanger.csproj", "{64D64140-AA72-4084-9BD7-A6E38FE3498B}"
EndProject
Global
	GlobalSection(SolutionConfigurationPlatforms) = preSolution
		Debug|Any CPU = Debug|Any CPU
		Release|Any CPU = Release|Any CPU
	EndGlobalSection
	GlobalSection(ProjectConfigurationPlatforms) = postSolution
		{64D64140-AA72-4084-9BD7-A6E38FE3498B}.Debug|Any CPU.ActiveCfg = Debug|Any CPU
		{64D64140-AA72-4084-9BD7-A6E38FE3498B}.Debug|Any CPU.Build.0 = Debug|Any CPU
		{64D64140-AA72-4084-9BD7-A6E38FE3498B}.Release|Any CPU.ActiveCfg = Release|Any CPU
		{64D64140-AA72-4084-9BD7-A6E38FE3498B}.Release|Any CPU.Build.0 = Release|Any CPU
	EndGlobalSection
	GlobalSection(SolutionProperties) = preSolution
		HideSolutionNode = FALSE
	EndGlobalSection
	GlobalSection(ExtensibilityGlobals) = postSolution
		SolutionGuid = {FEEBE488-3A22-48A2-877F-526A40FF2B8F}
	EndGlobalSection
EndGlobal
